
Microsoft Visual Studio Solution File, Format Version 12.00
# Visual Studio Version 17
VisualStudioVersion = 17.14.36127.28 d17.14
MinimumVisualStudioVersion = 10.0.40219.1
Project("{FAE04EC0-301F-11D3-BF4B-00C04F79EFBC}") = "AddressBookApi", "AddressBookApi.csproj", "{331500E7-91E0-4CCD-85D2-7F396273C46C}"
EndProject
Global
	GlobalSection(SolutionConfigurationPlatforms) = preSolution
		Debug|Any CPU = Debug|Any CPU
		Release|Any CPU = Release|Any CPU
	EndGlobalSection
	GlobalSection(ProjectConfigurationPlatforms) = postSolution
		{331500E7-91E0-4CCD-85D2-7F396273C46C}.Debug|Any CPU.ActiveCfg = Debug|Any CPU
		{331500E7-91E0-4CCD-85D2-7F396273C46C}.Debug|Any CPU.Build.0 = Debug|Any CPU
		{331500E7-91E0-4CCD-85D2-7F396273C46C}.Release|Any CPU.ActiveCfg = Release|Any CPU
		{331500E7-91E0-4CCD-85D2-7F396273C46C}.Release|Any CPU.Build.0 = Release|Any CPU
	EndGlobalSection
	GlobalSection(SolutionProperties) = preSolution
		HideSolutionNode = FALSE
	EndGlobalSection
	GlobalSection(ExtensibilityGlobals) = postSolution
		SolutionGuid = {9049CEDD-633B-41F4-9C47-361CD32CB47F}
	EndGlobalSection
EndGlobal
